{
  "pins" : [
    {
      "identity" : "differencekit",
      "kind" : "remoteSourceControl",
      "location" : "https://github.com/ra1028/DifferenceKit",
      "state" : {
        "revision" : "073b9671ce2b9b5b96398611427a1f929927e428",
        "version" : "1.3.0"
      }
    },
    {
      "identity" : "rxswift",
      "kind" : "remoteSourceControl",
      "location" : "https://github.com/ReactiveX/RxSwift",
      "state" : {
        "revision" : "9dcaa4b333db437b0fbfaf453fad29069044a8b4",
        "version" : "6.6.0"
      }
    }
  ],
  "version" : 2
}
